Microsoft Visual Studio Solution File, Format Version 12.00
# Visual Studio Version 17
VisualStudioVersion = 17.5.2.0
MinimumVisualStudioVersion = 10.0.40219.1
Project("{FAE04EC0-301F-11D3-BF4B-00C04F79EFBC}") = "ShadowKeys", "ShadowKeys.csproj", "{66AA45C9-A28F-7624-F6E7-FB0208188F84}"
EndProject
Global
	GlobalSection(SolutionConfigurationPlatforms) = preSolution
		Debug|Any CPU = Debug|Any CPU
		Release|Any CPU = Release|Any CPU
	EndGlobalSection
	GlobalSection(ProjectConfigurationPlatforms) = postSolution
		{66AA45C9-A28F-7624-F6E7-FB0208188F84}.Debug|Any CPU.ActiveCfg = Debug|Any CPU
		{66AA45C9-A28F-7624-F6E7-FB0208188F84}.Debug|Any CPU.Build.0 = Debug|Any CPU
		{66AA45C9-A28F-7624-F6E7-FB0208188F84}.Release|Any CPU.ActiveCfg = Release|Any CPU
		{66AA45C9-A28F-7624-F6E7-FB0208188F84}.Release|Any CPU.Build.0 = Release|Any CPU
	EndGlobalSection
	GlobalSection(SolutionProperties) = preSolution
		HideSolutionNode = FALSE
	EndGlobalSection
	GlobalSection(ExtensibilityGlobals) = postSolution
		SolutionGuid = {FA0A77C8-0D8F-4927-B9B6-7F32A24A144C}
	EndGlobalSection
EndGlobal
